
Microsoft Visual Studio Solution File, Format Version 11.00
# Visual Studio 2010
Project("{8BC9CEB8-8B4A-11D0-8D11-00A0C91BC942}") = "sorting_user_control", "sorting_user_control\sorting_user_control.vcxproj", "{C46F3C45-2D1E-4E11-9321-2032979A301C}"
EndProject
Global
	GlobalSection(SolutionConfigurationPlatforms) = preSolution
		Debug|Win32 = Debug|Win32
		Release|Win32 = Release|Win32
	EndGlobalSection
	GlobalSection(ProjectConfigurationPlatforms) = postSolution
		{C46F3C45-2D1E-4E11-9321-2032979A301C}.Debug|Win32.ActiveCfg = Debug|Win32
		{C46F3C45-2D1E-4E11-9321-2032979A301C}.Debug|Win32.Build.0 = Debug|Win32
		{C46F3C45-2D1E-4E11-9321-2032979A301C}.Release|Win32.ActiveCfg = Release|Win32
		{C46F3C45-2D1E-4E11-9321-2032979A301C}.Release|Win32.Build.0 = Release|Win32
	EndGlobalSection
	GlobalSection(SolutionProperties) = preSolution
		HideSolutionNode = FALSE
	EndGlobalSection
EndGlobal
